# This file is automatically @generated by Cargo.
# It is not intended for manual editing.
version = 4

[[package]]
name = "anyhow"
version = "1.0.94"
source = "registry+https://github.com/rust-lang/crates.io-index"
checksum = "c1fd03a028ef38ba2276dce7e33fcd6369c158a1bca17946c4b1b701891c1ff7"

[[package]]
name = "bitflags"
version = "2.6.0"
source = "registry+https://github.com/rust-lang/crates.io-index"
checksum = "b048fb63fd8b5923fc5aa7b340d8e156aec7ec02f0c78fa8a6ddc2613f6f71de"

[[package]]
name = "ironrdp-core"
version = "0.1.2"
source = "git+https://github.com/Devolutions/IronRDP.git#9757167df518dcce23a45a2e1b522c9c7d293f68"
dependencies = [
 "ironrdp-error",
]

[[package]]
name = "ironrdp-error"
version = "0.1.1"
source = "git+https://github.com/Devolutions/IronRDP.git#9757167df518dcce23a45a2e1b522c9c7d293f68"

[[package]]
name = "now-proto-fuzzing"
version = "0.0.0"

[[package]]
name = "now-proto-pdu"
version = "0.1.0"
dependencies = [
 "bitflags",
 "ironrdp-core",
]

[[package]]
name = "now-proto-testsuite"
version = "0.0.0"

[[package]]
name = "pico-args"
version = "0.5.0"
source = "registry+https://github.com/rust-lang/crates.io-index"
checksum = "5be167a7af36ee22fe3115051bc51f6e6c7054c9348e28deb4f49bd6f705a315"

[[package]]
name = "xshell"
version = "0.2.7"
source = "registry+https://github.com/rust-lang/crates.io-index"
checksum = "9e7290c623014758632efe00737145b6867b66292c42167f2ec381eb566a373d"
dependencies = [
 "xshell-macros",
]

[[package]]
name = "xshell-macros"
version = "0.2.7"
source = "registry+https://github.com/rust-lang/crates.io-index"
checksum = "32ac00cd3f8ec9c1d33fb3e7958a82df6989c42d747bd326c822b1d625283547"

[[package]]
name = "xtask"
version = "0.0.0"
dependencies = [
 "anyhow",
 "pico-args",
 "xshell",
]
