
Microsoft Visual Studio Solution File, Format Version 12.00
# Visual Studio Version 17
VisualStudioVersion = 17.0.31903.59
MinimumVisualStudioVersion = 10.0.40219.1
Project("{2150E333-8FDC-42A3-9474-1A3956D46DE8}") = "nugets", "nugets", "{BD6154A5-8825-4023-A6AE-CE9FCC4B073B}"
EndProject
Project("{9A19103F-16F7-4668-BE54-9A1E7A4F7556}") = "Devolutions.NowProto", "nugets\Devolutions.NowProto\Devolutions.NowProto.csproj", "{2EB02FFB-DC42-4217-8520-93F06E17BFC4}"
EndProject
Project("{9A19103F-16F7-4668-BE54-9A1E7A4F7556}") = "Devolutions.NowProto.Tests", "nugets\Devolutions.NowProto.Tests\Devolutions.NowProto.Tests.csproj", "{34912761-E8CB-4D88-A4B4-365F6DB88985}"
EndProject
Project("{9A19103F-16F7-4668-BE54-9A1E7A4F7556}") = "Devolutions.NowClient", "nugets\Devolutions.NowClient\Devolutions.NowClient.csproj", "{4692658E-C138-4A40-A10C-7E55D38D250B}"
EndProject
Global
	GlobalSection(SolutionConfigurationPlatforms) = preSolution
		Debug|ARM64 = Debug|ARM64
		Debug|x64 = Debug|x64
		Debug|x86 = Debug|x86
		Release|ARM64 = Release|ARM64
		Release|x64 = Release|x64
		Release|x86 = Release|x86
	EndGlobalSection
	GlobalSection(ProjectConfigurationPlatforms) = postSolution
		{2EB02FFB-DC42-4217-8520-93F06E17BFC4}.Debug|ARM64.ActiveCfg = Debug|ARM64
		{2EB02FFB-DC42-4217-8520-93F06E17BFC4}.Debug|ARM64.Build.0 = Debug|ARM64
		{2EB02FFB-DC42-4217-8520-93F06E17BFC4}.Debug|x64.ActiveCfg = Debug|x64
		{2EB02FFB-DC42-4217-8520-93F06E17BFC4}.Debug|x64.Build.0 = Debug|x64
		{2EB02FFB-DC42-4217-8520-93F06E17BFC4}.Debug|x86.ActiveCfg = Debug|x86
		{2EB02FFB-DC42-4217-8520-93F06E17BFC4}.Debug|x86.Build.0 = Debug|x86
		{2EB02FFB-DC42-4217-8520-93F06E17BFC4}.Release|ARM64.ActiveCfg = Release|ARM64
		{2EB02FFB-DC42-4217-8520-93F06E17BFC4}.Release|ARM64.Build.0 = Release|ARM64
		{2EB02FFB-DC42-4217-8520-93F06E17BFC4}.Release|x64.ActiveCfg = Release|x64
		{2EB02FFB-DC42-4217-8520-93F06E17BFC4}.Release|x64.Build.0 = Release|x64
		{2EB02FFB-DC42-4217-8520-93F06E17BFC4}.Release|x86.ActiveCfg = Release|x86
		{2EB02FFB-DC42-4217-8520-93F06E17BFC4}.Release|x86.Build.0 = Release|x86
		{34912761-E8CB-4D88-A4B4-365F6DB88985}.Debug|ARM64.ActiveCfg = Debug|ARM64
		{34912761-E8CB-4D88-A4B4-365F6DB88985}.Debug|ARM64.Build.0 = Debug|ARM64
		{34912761-E8CB-4D88-A4B4-365F6DB88985}.Debug|x64.ActiveCfg = Debug|x64
		{34912761-E8CB-4D88-A4B4-365F6DB88985}.Debug|x64.Build.0 = Debug|x64
		{34912761-E8CB-4D88-A4B4-365F6DB88985}.Debug|x86.ActiveCfg = Debug|x86
		{34912761-E8CB-4D88-A4B4-365F6DB88985}.Debug|x86.Build.0 = Debug|x86
		{34912761-E8CB-4D88-A4B4-365F6DB88985}.Release|ARM64.ActiveCfg = Release|ARM64
		{34912761-E8CB-4D88-A4B4-365F6DB88985}.Release|ARM64.Build.0 = Release|ARM64
		{34912761-E8CB-4D88-A4B4-365F6DB88985}.Release|x64.ActiveCfg = Release|x64
		{34912761-E8CB-4D88-A4B4-365F6DB88985}.Release|x64.Build.0 = Release|x64
		{34912761-E8CB-4D88-A4B4-365F6DB88985}.Release|x86.ActiveCfg = Release|x86
		{34912761-E8CB-4D88-A4B4-365F6DB88985}.Release|x86.Build.0 = Release|x86
		{4692658E-C138-4A40-A10C-7E55D38D250B}.Debug|ARM64.ActiveCfg = Debug|ARM64
		{4692658E-C138-4A40-A10C-7E55D38D250B}.Debug|ARM64.Build.0 = Debug|ARM64
		{4692658E-C138-4A40-A10C-7E55D38D250B}.Debug|x64.ActiveCfg = Debug|x64
		{4692658E-C138-4A40-A10C-7E55D38D250B}.Debug|x64.Build.0 = Debug|x64
		{4692658E-C138-4A40-A10C-7E55D38D250B}.Debug|x86.ActiveCfg = Debug|x86
		{4692658E-C138-4A40-A10C-7E55D38D250B}.Debug|x86.Build.0 = Debug|x86
		{4692658E-C138-4A40-A10C-7E55D38D250B}.Release|ARM64.ActiveCfg = Release|ARM64
		{4692658E-C138-4A40-A10C-7E55D38D250B}.Release|ARM64.Build.0 = Release|ARM64
		{4692658E-C138-4A40-A10C-7E55D38D250B}.Release|x64.ActiveCfg = Release|x64
		{4692658E-C138-4A40-A10C-7E55D38D250B}.Release|x64.Build.0 = Release|x64
		{4692658E-C138-4A40-A10C-7E55D38D250B}.Release|x86.ActiveCfg = Release|x86
		{4692658E-C138-4A40-A10C-7E55D38D250B}.Release|x86.Build.0 = Release|x86
	EndGlobalSection
	GlobalSection(SolutionProperties) = preSolution
		HideSolutionNode = FALSE
	EndGlobalSection
	GlobalSection(NestedProjects) = preSolution
		{2EB02FFB-DC42-4217-8520-93F06E17BFC4} = {BD6154A5-8825-4023-A6AE-CE9FCC4B073B}
		{34912761-E8CB-4D88-A4B4-365F6DB88985} = {BD6154A5-8825-4023-A6AE-CE9FCC4B073B}
		{4692658E-C138-4A40-A10C-7E55D38D250B} = {BD6154A5-8825-4023-A6AE-CE9FCC4B073B}
	EndGlobalSection
EndGlobal
